
Microsoft Visual Studio Solution File, Format Version 12.00
# Visual Studio Version 17
VisualStudioVersion = 17.11.35312.102
MinimumVisualStudioVersion = 10.0.40219.1
Project("{FAE04EC0-301F-11D3-BF4B-00C04F79EFBC}") = "WebAPI", "WebAPI\WebAPI.csproj", "{7BAF0E71-AB13-45FA-BE12-7E052CE1F164}"
EndProject
Project("{FAE04EC0-301F-11D3-BF4B-00C04F79EFBC}") = "Popa_Andreea_Lab11", "Popa_Andreea_Lab11\Popa_Andreea_Lab11.csproj", "{1B96504F-3C70-4F71-8582-B3C39FCE423A}"
EndProject
Global
	GlobalSection(SolutionConfigurationPlatforms) = preSolution
		Debug|Any CPU = Debug|Any CPU
		Release|Any CPU = Release|Any CPU
	EndGlobalSection
	GlobalSection(ProjectConfigurationPlatforms) = postSolution
		{7BAF0E71-AB13-45FA-BE12-7E052CE1F164}.Debug|Any CPU.ActiveCfg = Debug|Any CPU
		{7BAF0E71-AB13-45FA-BE12-7E052CE1F164}.Debug|Any CPU.Build.0 = Debug|Any CPU
		{7BAF0E71-AB13-45FA-BE12-7E052CE1F164}.Release|Any CPU.ActiveCfg = Release|Any CPU
		{7BAF0E71-AB13-45FA-BE12-7E052CE1F164}.Release|Any CPU.Build.0 = Release|Any CPU
		{1B96504F-3C70-4F71-8582-B3C39FCE423A}.Debug|Any CPU.ActiveCfg = Debug|Any CPU
		{1B96504F-3C70-4F71-8582-B3C39FCE423A}.Debug|Any CPU.Build.0 = Debug|Any CPU
		{1B96504F-3C70-4F71-8582-B3C39FCE423A}.Debug|Any CPU.Deploy.0 = Debug|Any CPU
		{1B96504F-3C70-4F71-8582-B3C39FCE423A}.Release|Any CPU.ActiveCfg = Release|Any CPU
		{1B96504F-3C70-4F71-8582-B3C39FCE423A}.Release|Any CPU.Build.0 = Release|Any CPU
		{1B96504F-3C70-4F71-8582-B3C39FCE423A}.Release|Any CPU.Deploy.0 = Release|Any CPU
	EndGlobalSection
	GlobalSection(SolutionProperties) = preSolution
		HideSolutionNode = FALSE
	EndGlobalSection
	GlobalSection(ExtensibilityGlobals) = postSolution
		SolutionGuid = {E4B19257-8EAC-4A58-AEA1-6B6AF64FB534}
	EndGlobalSection
EndGlobal
